{
  "name": "@syntest/cfg-javascript",
  "version": "0.0.2-beta.1",
  "lockfileVersion": 2,
  "requires": true,
  "packages": {
    "": {
      "name": "@syntest/cfg-javascript",
      "version": "0.0.2-beta.1",
      "license": "Apache-2.0",
      "dependencies": {
        "@syntest/cfg-core": "^0.2.1-beta.0"
      },
      "engines": {
        "node": ">=10.24.0"
      }
    },
    "node_modules/@syntest/cfg-core": {
      "version": "0.2.0",
      "resolved": "https://registry.npmjs.org/@syntest/cfg-core/-/cfg-core-0.2.0.tgz",
      "integrity": "sha512-WBmevB6wRW9v2gQSpx//OSzYeTJEej/DnI+kee/+N4hD8lwtkb/ppWgDFjc00f5XgU2JrShwL2rxw8Ty9ox1Iw==",
      "engines": {
        "node": ">=10.24.0"
      }
    }
  },
  "dependencies": {
    "@syntest/cfg-core": {
      "version": "0.2.0",
      "resolved": "https://registry.npmjs.org/@syntest/cfg-core/-/cfg-core-0.2.0.tgz",
      "integrity": "sha512-WBmevB6wRW9v2gQSpx//OSzYeTJEej/DnI+kee/+N4hD8lwtkb/ppWgDFjc00f5XgU2JrShwL2rxw8Ty9ox1Iw=="
    }
  }
}
