{
  "name": "@syntest/cfg-core",
  "version": "0.2.0-beta.4",
  "lockfileVersion": 2,
  "requires": true,
  "packages": {
    "": {
      "name": "@syntest/cfg-core",
      "version": "0.2.0-beta.4",
      "license": "Apache-2.0",
      "devDependencies": {},
      "engines": {
        "node": ">=10.24.0"
      }
    }
  }
}
